// !$*UTF8*$!
{
	archiveVersion = 1;
	classes = {
	};
	objectVersion = 56;
	objects = {

/* Begin PBXBuildFile section */
		250122802BBC4E91003F29DE /* FirebaseCrashlytics in Frameworks */ = {isa = PBXBuildFile; productRef = 2501227F2BBC4E91003F29DE /* FirebaseCrashlytics */; };
		250122822BBC4E9A003F29DE /* FirebaseAnalytics in Frameworks */ = {isa = PBXBuildFile; productRef = 250122812BBC4E9A003F29DE /* FirebaseAnalytics */; };
		250122842BBC4E9A003F29DE /* FirebaseAnalyticsSwift in Frameworks */ = {isa = PBXBuildFile; productRef = 250122832BBC4E9A003F29DE /* FirebaseAnalyticsSwift */; };
		254D00CA2BBD7C0B00FB41B4 /* GoogleMobileAds in Frameworks */ = {isa = PBXBuildFile; productRef = 254D00C92BBD7C0B00FB41B4 /* GoogleMobileAds */; };
		254D00CF2BBD7F3B00FB41B4 /* BannerAdView.swift in Sources */ = {isa = PBXBuildFile; fileRef = 254D00CE2BBD7F3B00FB41B4 /* BannerAdView.swift */; };
		254D00D12BBD7F6100FB41B4 /* RewardAdView.swift in Sources */ = {isa = PBXBuildFile; fileRef = 254D00D02BBD7F6100FB41B4 /* RewardAdView.swift */; };
		254D00D32BBD7F6A00FB41B4 /* IntersticialAdView.swift in Sources */ = {isa = PBXBuildFile; fileRef = 254D00D22BBD7F6A00FB41B4 /* IntersticialAdView.swift */; };
		2593154B2BBD8B36007491AF /* GoogleService-Info.plist in Resources */ = {isa = PBXBuildFile; fileRef = 250122852BBCA8D6003F29DE /* GoogleService-Info.plist */; };
		8B69E6662BB905B700C20413 /* SigmarOne-Regular.ttf in Resources */ = {isa = PBXBuildFile; fileRef = 8B69E6652BB905B700C20413 /* SigmarOne-Regular.ttf */; };
		8B69E6692BB9150400C20413 /* GameSceneHighscore.swift in Sources */ = {isa = PBXBuildFile; fileRef = 8B69E6682BB9150400C20413 /* GameSceneHighscore.swift */; };
		8B69E66C2BBECD7800C20413 /* GameSceneStart.swift in Sources */ = {isa = PBXBuildFile; fileRef = 8B69E66B2BBECD7800C20413 /* GameSceneStart.swift */; };
		8B950D332BAC531D00890EE0 /* fruitballApp.swift in Sources */ = {isa = PBXBuildFile; fileRef = 8B950D322BAC531D00890EE0 /* fruitballApp.swift */; };
		8B950D352BAC531D00890EE0 /* ContentView.swift in Sources */ = {isa = PBXBuildFile; fileRef = 8B950D342BAC531D00890EE0 /* ContentView.swift */; };
		8B950D372BAC532000890EE0 /* Assets.xcassets in Resources */ = {isa = PBXBuildFile; fileRef = 8B950D362BAC532000890EE0 /* Assets.xcassets */; };
		8B950D3A2BAC532000890EE0 /* Preview Assets.xcassets in Resources */ = {isa = PBXBuildFile; fileRef = 8B950D392BAC532000890EE0 /* Preview Assets.xcassets */; };
		8B950D442BAC53B800890EE0 /* GameSceneView.swift in Sources */ = {isa = PBXBuildFile; fileRef = 8B950D402BAC53B700890EE0 /* GameSceneView.swift */; };
		8B950D462BAC53B800890EE0 /* GameScene.swift in Sources */ = {isa = PBXBuildFile; fileRef = 8B950D422BAC53B700890EE0 /* GameScene.swift */; };
/* End PBXBuildFile section */

/* Begin PBXFileReference section */
		250122852BBCA8D6003F29DE /* GoogleService-Info.plist */ = {isa = PBXFileReference; fileEncoding = 4; lastKnownFileType = text.plist.xml; path = "GoogleService-Info.plist"; sourceTree = "<group>"; };
		254D00CE2BBD7F3B00FB41B4 /* BannerAdView.swift */ = {isa = PBXFileReference; fileEncoding = 4; lastKnownFileType = sourcecode.swift; path = BannerAdView.swift; sourceTree = "<group>"; };
		254D00D02BBD7F6100FB41B4 /* RewardAdView.swift */ = {isa = PBXFileReference; fileEncoding = 4; lastKnownFileType = sourcecode.swift; path = RewardAdView.swift; sourceTree = "<group>"; };
		254D00D22BBD7F6A00FB41B4 /* IntersticialAdView.swift */ = {isa = PBXFileReference; fileEncoding = 4; lastKnownFileType = sourcecode.swift; path = IntersticialAdView.swift; sourceTree = "<group>"; };
		8B69E6652BB905B700C20413 /* SigmarOne-Regular.ttf */ = {isa = PBXFileReference; lastKnownFileType = file; path = "SigmarOne-Regular.ttf"; sourceTree = "<group>"; };
		8B69E6672BB9066100C20413 /* Info.plist */ = {isa = PBXFileReference; lastKnownFileType = text.plist; path = Info.plist; sourceTree = "<group>"; };
		8B69E6682BB9150400C20413 /* GameSceneHighscore.swift */ = {isa = PBXFileReference; lastKnownFileType = sourcecode.swift; path = GameSceneHighscore.swift; sourceTree = "<group>"; };
		8B69E66A2BBC41D500C20413 /* fruitball.entitlements */ = {isa = PBXFileReference; lastKnownFileType = text.plist.entitlements; path = fruitball.entitlements; sourceTree = "<group>"; };
		8B69E66B2BBECD7800C20413 /* GameSceneStart.swift */ = {isa = PBXFileReference; lastKnownFileType = sourcecode.swift; path = GameSceneStart.swift; sourceTree = "<group>"; };
		8B950D2F2BAC531D00890EE0 /* fruitball.app */ = {isa = PBXFileReference; explicitFileType = wrapper.application; includeInIndex = 0; path = fruitball.app; sourceTree = BUILT_PRODUCTS_DIR; };
		8B950D322BAC531D00890EE0 /* fruitballApp.swift */ = {isa = PBXFileReference; lastKnownFileType = sourcecode.swift; path = fruitballApp.swift; sourceTree = "<group>"; };
		8B950D342BAC531D00890EE0 /* ContentView.swift */ = {isa = PBXFileReference; lastKnownFileType = sourcecode.swift; path = ContentView.swift; sourceTree = "<group>"; };
		8B950D362BAC532000890EE0 /* Assets.xcassets */ = {isa = PBXFileReference; lastKnownFileType = folder.assetcatalog; path = Assets.xcassets; sourceTree = "<group>"; };
		8B950D392BAC532000890EE0 /* Preview Assets.xcassets */ = {isa = PBXFileReference; lastKnownFileType = folder.assetcatalog; path = "Preview Assets.xcassets"; sourceTree = "<group>"; };
		8B950D402BAC53B700890EE0 /* GameSceneView.swift */ = {isa = PBXFileReference; fileEncoding = 4; lastKnownFileType = sourcecode.swift; path = GameSceneView.swift; sourceTree = "<group>"; };
		8B950D422BAC53B700890EE0 /* GameScene.swift */ = {isa = PBXFileReference; fileEncoding = 4; lastKnownFileType = sourcecode.swift; path = GameScene.swift; sourceTree = "<group>"; };
/* End PBXFileReference section */

/* Begin PBXFrameworksBuildPhase section */
		8B950D2C2BAC531D00890EE0 /* Frameworks */ = {
			isa = PBXFrameworksBuildPhase;
			buildActionMask = 2147483647;
			files = (
				254D00CA2BBD7C0B00FB41B4 /* GoogleMobileAds in Frameworks */,
				250122842BBC4E9A003F29DE /* FirebaseAnalyticsSwift in Frameworks */,
				250122822BBC4E9A003F29DE /* FirebaseAnalytics in Frameworks */,
				250122802BBC4E91003F29DE /* FirebaseCrashlytics in Frameworks */,
			);
			runOnlyForDeploymentPostprocessing = 0;
		};
/* End PBXFrameworksBuildPhase section */

/* Begin PBXGroup section */
		2501227E2BBC4E91003F29DE /* Frameworks */ = {
			isa = PBXGroup;
			children = (
			);
			name = Frameworks;
			sourceTree = "<group>";
		};
		254D00CD2BBD7F0600FB41B4 /* BannerAdView */ = {
			isa = PBXGroup;
			children = (
				254D00D02BBD7F6100FB41B4 /* RewardAdView.swift */,
				254D00CE2BBD7F3B00FB41B4 /* BannerAdView.swift */,
				254D00D22BBD7F6A00FB41B4 /* IntersticialAdView.swift */,
			);
			path = BannerAdView;
			sourceTree = "<group>";
		};
		8B950D262BAC531D00890EE0 = {
			isa = PBXGroup;
			children = (
				8B950D312BAC531D00890EE0 /* fruitball */,
				8B950D302BAC531D00890EE0 /* Products */,
				2501227E2BBC4E91003F29DE /* Frameworks */,
			);
			sourceTree = "<group>";
		};
		8B950D302BAC531D00890EE0 /* Products */ = {
			isa = PBXGroup;
			children = (
				8B950D2F2BAC531D00890EE0 /* fruitball.app */,
			);
			name = Products;
			sourceTree = "<group>";
		};
		8B950D312BAC531D00890EE0 /* fruitball */ = {
			isa = PBXGroup;
			children = (
				8B69E66A2BBC41D500C20413 /* fruitball.entitlements */,
				254D00CD2BBD7F0600FB41B4 /* BannerAdView */,
				250122852BBCA8D6003F29DE /* GoogleService-Info.plist */,
				8B69E6672BB9066100C20413 /* Info.plist */,
				8B69E6652BB905B700C20413 /* SigmarOne-Regular.ttf */,
				8B950D322BAC531D00890EE0 /* fruitballApp.swift */,
				8B950D342BAC531D00890EE0 /* ContentView.swift */,
				8B69E66B2BBECD7800C20413 /* GameSceneStart.swift */,
				8B950D422BAC53B700890EE0 /* GameScene.swift */,
				8B69E6682BB9150400C20413 /* GameSceneHighscore.swift */,
				8B950D402BAC53B700890EE0 /* GameSceneView.swift */,
				8B950D362BAC532000890EE0 /* Assets.xcassets */,
				8B950D382BAC532000890EE0 /* Preview Content */,
			);
			path = fruitball;
			sourceTree = "<group>";
		};
		8B950D382BAC532000890EE0 /* Preview Content */ = {
			isa = PBXGroup;
			children = (
				8B950D392BAC532000890EE0 /* Preview Assets.xcassets */,
			);
			path = "Preview Content";
			sourceTree = "<group>";
		};
/* End PBXGroup section */

/* Begin PBXHeadersBuildPhase section */
		250122872BBCAA74003F29DE /* Headers */ = {
			isa = PBXHeadersBuildPhase;
			buildActionMask = 2147483647;
			files = (
			);
			runOnlyForDeploymentPostprocessing = 0;
		};
/* End PBXHeadersBuildPhase section */

/* Begin PBXNativeTarget section */
		8B950D2E2BAC531D00890EE0 /* fruitball */ = {
			isa = PBXNativeTarget;
			buildConfigurationList = 8B950D3D2BAC532000890EE0 /* Build configuration list for PBXNativeTarget "fruitball" */;
			buildPhases = (
				250122872BBCAA74003F29DE /* Headers */,
				8B950D2B2BAC531D00890EE0 /* Sources */,
				8B950D2C2BAC531D00890EE0 /* Frameworks */,
				8B950D2D2BAC531D00890EE0 /* Resources */,
				250122882BBCAB22003F29DE /* ShellScript */,
			);
			buildRules = (
			);
			dependencies = (
			);
			name = fruitball;
			packageProductDependencies = (
				2501227F2BBC4E91003F29DE /* FirebaseCrashlytics */,
				250122812BBC4E9A003F29DE /* FirebaseAnalytics */,
				250122832BBC4E9A003F29DE /* FirebaseAnalyticsSwift */,
				254D00C92BBD7C0B00FB41B4 /* GoogleMobileAds */,
			);
			productName = fruitball;
			productReference = 8B950D2F2BAC531D00890EE0 /* fruitball.app */;
			productType = "com.apple.product-type.application";
		};
/* End PBXNativeTarget section */

/* Begin PBXProject section */
		8B950D272BAC531D00890EE0 /* Project object */ = {
			isa = PBXProject;
			attributes = {
				BuildIndependentTargetsInParallel = 1;
				LastSwiftUpdateCheck = 1530;
				LastUpgradeCheck = 1530;
				TargetAttributes = {
					8B950D2E2BAC531D00890EE0 = {
						CreatedOnToolsVersion = 15.3;
					};
				};
			};
			buildConfigurationList = 8B950D2A2BAC531D00890EE0 /* Build configuration list for PBXProject "fruitball" */;
			compatibilityVersion = "Xcode 14.0";
			developmentRegion = en;
			hasScannedForEncodings = 0;
			knownRegions = (
				en,
				Base,
			);
			mainGroup = 8B950D262BAC531D00890EE0;
			packageReferences = (
				2501227D2BBC4BED003F29DE /* XCRemoteSwiftPackageReference "firebase-ios-sdk" */,
				254D00C82BBD7C0B00FB41B4 /* XCRemoteSwiftPackageReference "swift-package-manager-google-mobile-ads" */,
			);
			productRefGroup = 8B950D302BAC531D00890EE0 /* Products */;
			projectDirPath = "";
			projectRoot = "";
			targets = (
				8B950D2E2BAC531D00890EE0 /* fruitball */,
			);
		};
/* End PBXProject section */

/* Begin PBXResourcesBuildPhase section */
		8B950D2D2BAC531D00890EE0 /* Resources */ = {
			isa = PBXResourcesBuildPhase;
			buildActionMask = 2147483647;
			files = (
				2593154B2BBD8B36007491AF /* GoogleService-Info.plist in Resources */,
				8B950D3A2BAC532000890EE0 /* Preview Assets.xcassets in Resources */,
				8B950D372BAC532000890EE0 /* Assets.xcassets in Resources */,
				8B69E6662BB905B700C20413 /* SigmarOne-Regular.ttf in Resources */,
			);
			runOnlyForDeploymentPostprocessing = 0;
		};
/* End PBXResourcesBuildPhase section */

/* Begin PBXShellScriptBuildPhase section */
		250122882BBCAB22003F29DE /* ShellScript */ = {
			isa = PBXShellScriptBuildPhase;
			buildActionMask = 12;
			files = (
			);
			inputFileListPaths = (
			);
			inputPaths = (
				"${DWARF_DSYM_FOLDER_PATH}/${DWARF_DSYM_FILE_NAME}",
				"${DWARF_DSYM_FOLDER_PATH}/${DWARF_DSYM_FILE_NAME}/Contents/Resources/DWARF/${PRODUCT_NAME}",
				"${DWARF_DSYM_FOLDER_PATH}/${DWARF_DSYM_FILE_NAME}/Contents/Info.plist",
				"$(TARGET_BUILD_DIR)/$(UNLOCALIZED_RESOURCES_FOLDER_PATH)/GoogleService-Info.plist",
				"$(TARGET_BUILD_DIR)/$(EXECUTABLE_PATH)",
			);
			outputFileListPaths = (
			);
			outputPaths = (
			);
			runOnlyForDeploymentPostprocessing = 0;
			shellPath = /bin/sh;
			shellScript = "${BUILD_DIR%Build/*}/SourcePackages/checkouts/firebase-ios-sdk/Crashlytics/run\n";
		};
/* End PBXShellScriptBuildPhase section */

/* Begin PBXSourcesBuildPhase section */
		8B950D2B2BAC531D00890EE0 /* Sources */ = {
			isa = PBXSourcesBuildPhase;
			buildActionMask = 2147483647;
			files = (
				254D00D12BBD7F6100FB41B4 /* RewardAdView.swift in Sources */,
				8B950D352BAC531D00890EE0 /* ContentView.swift in Sources */,
				8B950D442BAC53B800890EE0 /* GameSceneView.swift in Sources */,
				8B950D462BAC53B800890EE0 /* GameScene.swift in Sources */,
				254D00CF2BBD7F3B00FB41B4 /* BannerAdView.swift in Sources */,
				8B69E66C2BBECD7800C20413 /* GameSceneStart.swift in Sources */,
				8B69E6692BB9150400C20413 /* GameSceneHighscore.swift in Sources */,
				254D00D32BBD7F6A00FB41B4 /* IntersticialAdView.swift in Sources */,
				8B950D332BAC531D00890EE0 /* fruitballApp.swift in Sources */,
			);
			runOnlyForDeploymentPostprocessing = 0;
		};
/* End PBXSourcesBuildPhase section */

/* Begin XCBuildConfiguration section */
		8B950D3B2BAC532000890EE0 /* Debug */ = {
			isa = XCBuildConfiguration;
			buildSettings = {
				ALWAYS_SEARCH_USER_PATHS = NO;
				ASSETCATALOG_COMPILER_GENERATE_SWIFT_ASSET_SYMBOL_EXTENSIONS = YES;
				CLANG_ANALYZER_NONNULL = YES;
				CLANG_ANALYZER_NUMBER_OBJECT_CONVERSION = YES_AGGRESSIVE;
				CLANG_CXX_LANGUAGE_STANDARD = "gnu++20";
				CLANG_ENABLE_MODULES = YES;
				CLANG_ENABLE_OBJC_ARC = YES;
				CLANG_ENABLE_OBJC_WEAK = YES;
				CLANG_WARN_BLOCK_CAPTURE_AUTORELEASING = YES;
				CLANG_WARN_BOOL_CONVERSION = YES;
				CLANG_WARN_COMMA = YES;
				CLANG_WARN_CONSTANT_CONVERSION = YES;
				CLANG_WARN_DEPRECATED_OBJC_IMPLEMENTATIONS = YES;
				CLANG_WARN_DIRECT_OBJC_ISA_USAGE = YES_ERROR;
				CLANG_WARN_DOCUMENTATION_COMMENTS = YES;
				CLANG_WARN_EMPTY_BODY = YES;
				CLANG_WARN_ENUM_CONVERSION = YES;
				CLANG_WARN_INFINITE_RECURSION = YES;
				CLANG_WARN_INT_CONVERSION = YES;
				CLANG_WARN_NON_LITERAL_NULL_CONVERSION = YES;
				CLANG_WARN_OBJC_IMPLICIT_RETAIN_SELF = YES;
				CLANG_WARN_OBJC_LITERAL_CONVERSION = YES;
				CLANG_WARN_OBJC_ROOT_CLASS = YES_ERROR;
				CLANG_WARN_QUOTED_INCLUDE_IN_FRAMEWORK_HEADER = YES;
				CLANG_WARN_RANGE_LOOP_ANALYSIS = YES;
				CLANG_WARN_STRICT_PROTOTYPES = YES;
				CLANG_WARN_SUSPICIOUS_MOVE = YES;
				CLANG_WARN_UNGUARDED_AVAILABILITY = YES_AGGRESSIVE;
				CLANG_WARN_UNREACHABLE_CODE = YES;
				CLANG_WARN__DUPLICATE_METHOD_MATCH = YES;
				COPY_PHASE_STRIP = NO;
				DEBUG_INFORMATION_FORMAT = dwarf;
				ENABLE_STRICT_OBJC_MSGSEND = YES;
				ENABLE_TESTABILITY = YES;
				ENABLE_USER_SCRIPT_SANDBOXING = YES;
				GCC_C_LANGUAGE_STANDARD = gnu17;
				GCC_DYNAMIC_NO_PIC = NO;
				GCC_NO_COMMON_BLOCKS = YES;
				GCC_OPTIMIZATION_LEVEL = 0;
				GCC_PREPROCESSOR_DEFINITIONS = (
					"DEBUG=1",
					"$(inherited)",
				);
				GCC_WARN_64_TO_32_BIT_CONVERSION = YES;
				GCC_WARN_ABOUT_RETURN_TYPE = YES_ERROR;
				GCC_WARN_UNDECLARED_SELECTOR = YES;
				GCC_WARN_UNINITIALIZED_AUTOS = YES_AGGRESSIVE;
				GCC_WARN_UNUSED_FUNCTION = YES;
				GCC_WARN_UNUSED_VARIABLE = YES;
				IPHONEOS_DEPLOYMENT_TARGET = 16.0;
				LOCALIZATION_PREFERS_STRING_CATALOGS = YES;
				MTL_ENABLE_DEBUG_INFO = INCLUDE_SOURCE;
				MTL_FAST_MATH = YES;
				ONLY_ACTIVE_ARCH = YES;
				SDKROOT = iphoneos;
				SWIFT_ACTIVE_COMPILATION_CONDITIONS = "DEBUG $(inherited)";
				SWIFT_OPTIMIZATION_LEVEL = "-Onone";
			};
			name = Debug;
		};
		8B950D3C2BAC532000890EE0 /* Release */ = {
			isa = XCBuildConfiguration;
			buildSettings = {
				ALWAYS_SEARCH_USER_PATHS = NO;
				ASSETCATALOG_COMPILER_GENERATE_SWIFT_ASSET_SYMBOL_EXTENSIONS = YES;
				CLANG_ANALYZER_NONNULL = YES;
				CLANG_ANALYZER_NUMBER_OBJECT_CONVERSION = YES_AGGRESSIVE;
				CLANG_CXX_LANGUAGE_STANDARD = "gnu++20";
				CLANG_ENABLE_MODULES = YES;
				CLANG_ENABLE_OBJC_ARC = YES;
				CLANG_ENABLE_OBJC_WEAK = YES;
				CLANG_WARN_BLOCK_CAPTURE_AUTORELEASING = YES;
				CLANG_WARN_BOOL_CONVERSION = YES;
				CLANG_WARN_COMMA = YES;
				CLANG_WARN_CONSTANT_CONVERSION = YES;
				CLANG_WARN_DEPRECATED_OBJC_IMPLEMENTATIONS = YES;
				CLANG_WARN_DIRECT_OBJC_ISA_USAGE = YES_ERROR;
				CLANG_WARN_DOCUMENTATION_COMMENTS = YES;
				CLANG_WARN_EMPTY_BODY = YES;
				CLANG_WARN_ENUM_CONVERSION = YES;
				CLANG_WARN_INFINITE_RECURSION = YES;
				CLANG_WARN_INT_CONVERSION = YES;
				CLANG_WARN_NON_LITERAL_NULL_CONVERSION = YES;
				CLANG_WARN_OBJC_IMPLICIT_RETAIN_SELF = YES;
				CLANG_WARN_OBJC_LITERAL_CONVERSION = YES;
				CLANG_WARN_OBJC_ROOT_CLASS = YES_ERROR;
				CLANG_WARN_QUOTED_INCLUDE_IN_FRAMEWORK_HEADER = YES;
				CLANG_WARN_RANGE_LOOP_ANALYSIS = YES;
				CLANG_WARN_STRICT_PROTOTYPES = YES;
				CLANG_WARN_SUSPICIOUS_MOVE = YES;
				CLANG_WARN_UNGUARDED_AVAILABILITY = YES_AGGRESSIVE;
				CLANG_WARN_UNREACHABLE_CODE = YES;
				CLANG_WARN__DUPLICATE_METHOD_MATCH = YES;
				COPY_PHASE_STRIP = NO;
				DEBUG_INFORMATION_FORMAT = "dwarf-with-dsym";
				ENABLE_NS_ASSERTIONS = NO;
				ENABLE_STRICT_OBJC_MSGSEND = YES;
				ENABLE_USER_SCRIPT_SANDBOXING = YES;
				GCC_C_LANGUAGE_STANDARD = gnu17;
				GCC_NO_COMMON_BLOCKS = YES;
				GCC_WARN_64_TO_32_BIT_CONVERSION = YES;
				GCC_WARN_ABOUT_RETURN_TYPE = YES_ERROR;
				GCC_WARN_UNDECLARED_SELECTOR = YES;
				GCC_WARN_UNINITIALIZED_AUTOS = YES_AGGRESSIVE;
				GCC_WARN_UNUSED_FUNCTION = YES;
				GCC_WARN_UNUSED_VARIABLE = YES;
				IPHONEOS_DEPLOYMENT_TARGET = 16.0;
				LOCALIZATION_PREFERS_STRING_CATALOGS = YES;
				MTL_ENABLE_DEBUG_INFO = NO;
				MTL_FAST_MATH = YES;
				SDKROOT = iphoneos;
				SWIFT_COMPILATION_MODE = wholemodule;
				VALIDATE_PRODUCT = YES;
			};
			name = Release;
		};
		8B950D3E2BAC532000890EE0 /* Debug */ = {
			isa = XCBuildConfiguration;
			buildSettings = {
				ASSETCATALOG_COMPILER_APPICON_NAME = AppIcon;
				ASSETCATALOG_COMPILER_GLOBAL_ACCENT_COLOR_NAME = AccentColor;
				CODE_SIGN_ENTITLEMENTS = fruitball/fruitball.entitlements;
				CODE_SIGN_STYLE = Automatic;
				CURRENT_PROJECT_VERSION = 1;
				DEBUG_INFORMATION_FORMAT = "dwarf-with-dsym";
				DEVELOPMENT_ASSET_PATHS = "\"fruitball/Preview Content\"";
				DEVELOPMENT_TEAM = JZNPKB7CRS;
				ENABLE_PREVIEWS = YES;
				GENERATE_INFOPLIST_FILE = YES;
				INFOPLIST_FILE = fruitball/Info.plist;
				INFOPLIST_KEY_LSApplicationCategoryType = "public.app-category.arcade-games";
				INFOPLIST_KEY_UIApplicationSceneManifest_Generation = YES;
				INFOPLIST_KEY_UIApplicationSupportsIndirectInputEvents = YES;
				INFOPLIST_KEY_UILaunchScreen_Generation = YES;
				INFOPLIST_KEY_UISupportedInterfaceOrientations_iPad = "UIInterfaceOrientationPortrait UIInterfaceOrientationPortraitUpsideDown UIInterfaceOrientationLandscapeLeft UIInterfaceOrientationLandscapeRight";
				INFOPLIST_KEY_UISupportedInterfaceOrientations_iPhone = "UIInterfaceOrientationPortrait UIInterfaceOrientationLandscapeLeft UIInterfaceOrientationLandscapeRight";
				IPHONEOS_DEPLOYMENT_TARGET = 16.0;
				LD_RUNPATH_SEARCH_PATHS = (
					"$(inherited)",
					"@executable_path/Frameworks",
				);
				MARKETING_VERSION = 1.0;
				OTHER_LDFLAGS = "-ObjC";
				PRODUCT_BUNDLE_IDENTIFIER = com.candidohdiego.fruitball;
				PRODUCT_NAME = "$(TARGET_NAME)";
				SUPPORTED_PLATFORMS = "iphoneos iphonesimulator";
				SUPPORTS_MACCATALYST = NO;
				SWIFT_EMIT_LOC_STRINGS = YES;
				SWIFT_VERSION = 5.0;
				TARGETED_DEVICE_FAMILY = 1;
			};
			name = Debug;
		};
		8B950D3F2BAC532000890EE0 /* Release */ = {
			isa = XCBuildConfiguration;
			buildSettings = {
				ASSETCATALOG_COMPILER_APPICON_NAME = AppIcon;
				ASSETCATALOG_COMPILER_GLOBAL_ACCENT_COLOR_NAME = AccentColor;
				CODE_SIGN_ENTITLEMENTS = fruitball/fruitball.entitlements;
				CODE_SIGN_STYLE = Automatic;
				CURRENT_PROJECT_VERSION = 1;
				DEVELOPMENT_ASSET_PATHS = "\"fruitball/Preview Content\"";
				DEVELOPMENT_TEAM = JZNPKB7CRS;
				ENABLE_PREVIEWS = YES;
				GENERATE_INFOPLIST_FILE = YES;
				INFOPLIST_FILE = fruitball/Info.plist;
				INFOPLIST_KEY_LSApplicationCategoryType = "public.app-category.arcade-games";
				INFOPLIST_KEY_UIApplicationSceneManifest_Generation = YES;
				INFOPLIST_KEY_UIApplicationSupportsIndirectInputEvents = YES;
				INFOPLIST_KEY_UILaunchScreen_Generation = YES;
				INFOPLIST_KEY_UISupportedInterfaceOrientations_iPad = "UIInterfaceOrientationPortrait UIInterfaceOrientationPortraitUpsideDown UIInterfaceOrientationLandscapeLeft UIInterfaceOrientationLandscapeRight";
				INFOPLIST_KEY_UISupportedInterfaceOrientations_iPhone = "UIInterfaceOrientationPortrait UIInterfaceOrientationLandscapeLeft UIInterfaceOrientationLandscapeRight";
				IPHONEOS_DEPLOYMENT_TARGET = 16.0;
				LD_RUNPATH_SEARCH_PATHS = (
					"$(inherited)",
					"@executable_path/Frameworks",
				);
				MARKETING_VERSION = 1.0;
				OTHER_LDFLAGS = "-ObjC";
				PRODUCT_BUNDLE_IDENTIFIER = com.candidohdiego.fruitball;
				PRODUCT_NAME = "$(TARGET_NAME)";
				SUPPORTED_PLATFORMS = "iphoneos iphonesimulator";
				SUPPORTS_MACCATALYST = NO;
				SWIFT_EMIT_LOC_STRINGS = YES;
				SWIFT_VERSION = 5.0;
				TARGETED_DEVICE_FAMILY = 1;
			};
			name = Release;
		};
/* End XCBuildConfiguration section */

/* Begin XCConfigurationList section */
		8B950D2A2BAC531D00890EE0 /* Build configuration list for PBXProject "fruitball" */ = {
			isa = XCConfigurationList;
			buildConfigurations = (
				8B950D3B2BAC532000890EE0 /* Debug */,
				8B950D3C2BAC532000890EE0 /* Release */,
			);
			defaultConfigurationIsVisible = 0;
			defaultConfigurationName = Release;
		};
		8B950D3D2BAC532000890EE0 /* Build configuration list for PBXNativeTarget "fruitball" */ = {
			isa = XCConfigurationList;
			buildConfigurations = (
				8B950D3E2BAC532000890EE0 /* Debug */,
				8B950D3F2BAC532000890EE0 /* Release */,
			);
			defaultConfigurationIsVisible = 0;
			defaultConfigurationName = Release;
		};
/* End XCConfigurationList section */

/* Begin XCRemoteSwiftPackageReference section */
		2501227D2BBC4BED003F29DE /* XCRemoteSwiftPackageReference "firebase-ios-sdk" */ = {
			isa = XCRemoteSwiftPackageReference;
			repositoryURL = "https://github.com/firebase/firebase-ios-sdk.git";
			requirement = {
				kind = upToNextMajorVersion;
				minimumVersion = 10.23.1;
			};
		};
		254D00C82BBD7C0B00FB41B4 /* XCRemoteSwiftPackageReference "swift-package-manager-google-mobile-ads" */ = {
			isa = XCRemoteSwiftPackageReference;
			repositoryURL = "https://github.com/googleads/swift-package-manager-google-mobile-ads";
			requirement = {
				kind = upToNextMajorVersion;
				minimumVersion = 11.2.0;
			};
		};
/* End XCRemoteSwiftPackageReference section */

/* Begin XCSwiftPackageProductDependency section */
		2501227F2BBC4E91003F29DE /* FirebaseCrashlytics */ = {
			isa = XCSwiftPackageProductDependency;
			package = 2501227D2BBC4BED003F29DE /* XCRemoteSwiftPackageReference "firebase-ios-sdk" */;
			productName = FirebaseCrashlytics;
		};
		250122812BBC4E9A003F29DE /* FirebaseAnalytics */ = {
			isa = XCSwiftPackageProductDependency;
			package = 2501227D2BBC4BED003F29DE /* XCRemoteSwiftPackageReference "firebase-ios-sdk" */;
			productName = FirebaseAnalytics;
		};
		250122832BBC4E9A003F29DE /* FirebaseAnalyticsSwift */ = {
			isa = XCSwiftPackageProductDependency;
			package = 2501227D2BBC4BED003F29DE /* XCRemoteSwiftPackageReference "firebase-ios-sdk" */;
			productName = FirebaseAnalyticsSwift;
		};
		254D00C92BBD7C0B00FB41B4 /* GoogleMobileAds */ = {
			isa = XCSwiftPackageProductDependency;
			package = 254D00C82BBD7C0B00FB41B4 /* XCRemoteSwiftPackageReference "swift-package-manager-google-mobile-ads" */;
			productName = GoogleMobileAds;
		};
/* End XCSwiftPackageProductDependency section */
	};
	rootObject = 8B950D272BAC531D00890EE0 /* Project object */;
}
